
Microsoft Visual Studio Solution File, Format Version 12.00
# Visual Studio Version 17
VisualStudioVersion = 17.0.32126.317
MinimumVisualStudioVersion = 10.0.40219.1
Project("{FAE04EC0-301F-11D3-BF4B-00C04F79EFBC}") = "Подбор пар", "Подбор пар.csproj", "{D730098D-E8FA-454E-A383-2263A5FCB72F}"
EndProject
Global
	GlobalSection(SolutionConfigurationPlatforms) = preSolution
		Debug|Any CPU = Debug|Any CPU
		Release|Any CPU = Release|Any CPU
	EndGlobalSection
	GlobalSection(ProjectConfigurationPlatforms) = postSolution
		{D730098D-E8FA-454E-A383-2263A5FCB72F}.Debug|Any CPU.ActiveCfg = Debug|Any CPU
		{D730098D-E8FA-454E-A383-2263A5FCB72F}.Debug|Any CPU.Build.0 = Debug|Any CPU
		{D730098D-E8FA-454E-A383-2263A5FCB72F}.Release|Any CPU.ActiveCfg = Release|Any CPU
		{D730098D-E8FA-454E-A383-2263A5FCB72F}.Release|Any CPU.Build.0 = Release|Any CPU
	EndGlobalSection
	GlobalSection(SolutionProperties) = preSolution
		HideSolutionNode = FALSE
	EndGlobalSection
	GlobalSection(ExtensibilityGlobals) = postSolution
		SolutionGuid = {A69AF56C-FDD2-4D74-88A5-921766993C4C}
	EndGlobalSection
EndGlobal
